
Microsoft Visual Studio Solution File, Format Version 12.00
# Visual Studio Version 17
VisualStudioVersion = 17.3.32922.545
MinimumVisualStudioVersion = 10.0.40219.1
Project("{FAE04EC0-301F-11D3-BF4B-00C04F79EFBC}") = "DxImSharp", "DxImSharp\DxImSharp.csproj", "{B14AC9EF-04B7-4E93-BD87-4684FEC5F5A0}"
EndProject
Global
	GlobalSection(SolutionConfigurationPlatforms) = preSolution
		Debug|Any CPU = Debug|Any CPU
		Release|Any CPU = Release|Any CPU
	EndGlobalSection
	GlobalSection(ProjectConfigurationPlatforms) = postSolution
		{B14AC9EF-04B7-4E93-BD87-4684FEC5F5A0}.Debug|Any CPU.ActiveCfg = Debug|Any CPU
		{B14AC9EF-04B7-4E93-BD87-4684FEC5F5A0}.Debug|Any CPU.Build.0 = Debug|Any CPU
		{B14AC9EF-04B7-4E93-BD87-4684FEC5F5A0}.Release|Any CPU.ActiveCfg = Release|Any CPU
		{B14AC9EF-04B7-4E93-BD87-4684FEC5F5A0}.Release|Any CPU.Build.0 = Release|Any CPU
	EndGlobalSection
	GlobalSection(SolutionProperties) = preSolution
		HideSolutionNode = FALSE
	EndGlobalSection
	GlobalSection(ExtensibilityGlobals) = postSolution
		SolutionGuid = {028E9062-887B-485D-9C5A-5A8BE3A8CCDA}
	EndGlobalSection
EndGlobal
